
Microsoft Visual Studio Solution File, Format Version 12.00
# Visual Studio Version 16
VisualStudioVersion = 16.0.33214.272
MinimumVisualStudioVersion = 10.0.40219.1
Project("{FAE04EC0-301F-11D3-BF4B-00C04F79EFBC}") = "UI", "UI\UI.csproj", "{3BD2E82A-4B15-4819-BC9E-4771F3BE9C2C}"
EndProject
Project("{FAE04EC0-301F-11D3-BF4B-00C04F79EFBC}") = "Admin", "Admin\Admin.csproj", "{9882A322-D70A-47FA-A760-1987144BF5E6}"
EndProject
Project("{FAE04EC0-301F-11D3-BF4B-00C04F79EFBC}") = "Entity", "ClassLibrary1\Entity.csproj", "{52FD84B0-FE90-434E-A3E3-C0672C2DC738}"
EndProject
Global
	GlobalSection(SolutionConfigurationPlatforms) = preSolution
		Debug|Any CPU = Debug|Any CPU
		Release|Any CPU = Release|Any CPU
	EndGlobalSection
	GlobalSection(ProjectConfigurationPlatforms) = postSolution
		{3BD2E82A-4B15-4819-BC9E-4771F3BE9C2C}.Debug|Any CPU.ActiveCfg = Debug|Any CPU
		{3BD2E82A-4B15-4819-BC9E-4771F3BE9C2C}.Debug|Any CPU.Build.0 = Debug|Any CPU
		{3BD2E82A-4B15-4819-BC9E-4771F3BE9C2C}.Release|Any CPU.ActiveCfg = Release|Any CPU
		{3BD2E82A-4B15-4819-BC9E-4771F3BE9C2C}.Release|Any CPU.Build.0 = Release|Any CPU
		{9882A322-D70A-47FA-A760-1987144BF5E6}.Debug|Any CPU.ActiveCfg = Debug|Any CPU
		{9882A322-D70A-47FA-A760-1987144BF5E6}.Debug|Any CPU.Build.0 = Debug|Any CPU
		{9882A322-D70A-47FA-A760-1987144BF5E6}.Release|Any CPU.ActiveCfg = Release|Any CPU
		{9882A322-D70A-47FA-A760-1987144BF5E6}.Release|Any CPU.Build.0 = Release|Any CPU
		{52FD84B0-FE90-434E-A3E3-C0672C2DC738}.Debug|Any CPU.ActiveCfg = Debug|Any CPU
		{52FD84B0-FE90-434E-A3E3-C0672C2DC738}.Debug|Any CPU.Build.0 = Debug|Any CPU
		{52FD84B0-FE90-434E-A3E3-C0672C2DC738}.Release|Any CPU.ActiveCfg = Release|Any CPU
		{52FD84B0-FE90-434E-A3E3-C0672C2DC738}.Release|Any CPU.Build.0 = Release|Any CPU
	EndGlobalSection
	GlobalSection(SolutionProperties) = preSolution
		HideSolutionNode = FALSE
	EndGlobalSection
	GlobalSection(ExtensibilityGlobals) = postSolution
		SolutionGuid = {39388ADF-53A6-4E6D-BDDE-0538400F3076}
	EndGlobalSection
EndGlobal
